// !$*UTF8*$!
{
	archiveVersion = 1;
	classes = {
	};
	objectVersion = 46;
	objects = {

/* Begin PBXBuildFile section */
		C549BEC51F04A7D5008F3467 /* main.m in Sources */ = {isa = PBXBuildFile; fileRef = C549BEC41F04A7D5008F3467 /* main.m */; };
		C549BEC81F04A7D5008F3467 /* AppDelegate.m in Sources */ = {isa = PBXBuildFile; fileRef = C549BEC71F04A7D5008F3467 /* AppDelegate.m */; };
		C549BECB1F04A7D5008F3467 /* ViewController.m in Sources */ = {isa = PBXBuildFile; fileRef = C549BECA1F04A7D5008F3467 /* ViewController.m */; };
		C549BECE1F04A7D5008F3467 /* Main.storyboard in Resources */ = {isa = PBXBuildFile; fileRef = C549BECC1F04A7D5008F3467 /* Main.storyboard */; };
		C549BED01F04A7D5008F3467 /* Assets.xcassets in Resources */ = {isa = PBXBuildFile; fileRef = C549BECF1F04A7D5008F3467 /* Assets.xcassets */; };
		C549BED31F04A7D5008F3467 /* LaunchScreen.storyboard in Resources */ = {isa = PBXBuildFile; fileRef = C549BED11F04A7D5008F3467 /* LaunchScreen.storyboard */; };
		C549BEE01F0A2501008F3467 /* BRMainViewController.m in Sources */ = {isa = PBXBuildFile; fileRef = C549BEDF1F0A2501008F3467 /* BRMainViewController.m */; };
		C549BEE31F0A261B008F3467 /* BRTitleScrollView.m in Sources */ = {isa = PBXBuildFile; fileRef = C549BEE21F0A261B008F3467 /* BRTitleScrollView.m */; };
		C549BEE61F0A29DC008F3467 /* ViewController1.m in Sources */ = {isa = PBXBuildFile; fileRef = C549BEE51F0A29DC008F3467 /* ViewController1.m */; };
		C549BEE91F0A29ED008F3467 /* ViewController2.m in Sources */ = {isa = PBXBuildFile; fileRef = C549BEE81F0A29ED008F3467 /* ViewController2.m */; };
		C549BEEC1F0A29F9008F3467 /* ViewController3.m in Sources */ = {isa = PBXBuildFile; fileRef = C549BEEB1F0A29F9008F3467 /* ViewController3.m */; };
/* End PBXBuildFile section */

/* Begin PBXFileReference section */
		C549BEC01F04A7D5008F3467 /* BRPageViewController.app */ = {isa = PBXFileReference; explicitFileType = wrapper.application; includeInIndex = 0; path = BRPageViewController.app; sourceTree = BUILT_PRODUCTS_DIR; };
		C549BEC41F04A7D5008F3467 /* main.m */ = {isa = PBXFileReference; lastKnownFileType = sourcecode.c.objc; path = main.m; sourceTree = "<group>"; };
		C549BEC61F04A7D5008F3467 /* AppDelegate.h */ = {isa = PBXFileReference; lastKnownFileType = sourcecode.c.h; path = AppDelegate.h; sourceTree = "<group>"; };
		C549BEC71F04A7D5008F3467 /* AppDelegate.m */ = {isa = PBXFileReference; lastKnownFileType = sourcecode.c.objc; path = AppDelegate.m; sourceTree = "<group>"; };
		C549BEC91F04A7D5008F3467 /* ViewController.h */ = {isa = PBXFileReference; lastKnownFileType = sourcecode.c.h; path = ViewController.h; sourceTree = "<group>"; };
		C549BECA1F04A7D5008F3467 /* ViewController.m */ = {isa = PBXFileReference; lastKnownFileType = sourcecode.c.objc; path = ViewController.m; sourceTree = "<group>"; };
		C549BECD1F04A7D5008F3467 /* Base */ = {isa = PBXFileReference; lastKnownFileType = file.storyboard; name = Base; path = Base.lproj/Main.storyboard; sourceTree = "<group>"; };
		C549BECF1F04A7D5008F3467 /* Assets.xcassets */ = {isa = PBXFileReference; lastKnownFileType = folder.assetcatalog; path = Assets.xcassets; sourceTree = "<group>"; };
		C549BED21F04A7D5008F3467 /* Base */ = {isa = PBXFileReference; lastKnownFileType = file.storyboard; name = Base; path = Base.lproj/LaunchScreen.storyboard; sourceTree = "<group>"; };
		C549BED41F04A7D5008F3467 /* Info.plist */ = {isa = PBXFileReference; lastKnownFileType = text.plist.xml; path = Info.plist; sourceTree = "<group>"; };
		C549BEDE1F0A2501008F3467 /* BRMainViewController.h */ = {isa = PBXFileReference; fileEncoding = 4; lastKnownFileType = sourcecode.c.h; path = BRMainViewController.h; sourceTree = "<group>"; };
		C549BEDF1F0A2501008F3467 /* BRMainViewController.m */ = {isa = PBXFileReference; fileEncoding = 4; lastKnownFileType = sourcecode.c.objc; path = BRMainViewController.m; sourceTree = "<group>"; };
		C549BEE11F0A261B008F3467 /* BRTitleScrollView.h */ = {isa = PBXFileReference; fileEncoding = 4; lastKnownFileType = sourcecode.c.h; path = BRTitleScrollView.h; sourceTree = "<group>"; };
		C549BEE21F0A261B008F3467 /* BRTitleScrollView.m */ = {isa = PBXFileReference; fileEncoding = 4; lastKnownFileType = sourcecode.c.objc; path = BRTitleScrollView.m; sourceTree = "<group>"; };
		C549BEE41F0A29DC008F3467 /* ViewController1.h */ = {isa = PBXFileReference; fileEncoding = 4; lastKnownFileType = sourcecode.c.h; path = ViewController1.h; sourceTree = "<group>"; };
		C549BEE51F0A29DC008F3467 /* ViewController1.m */ = {isa = PBXFileReference; fileEncoding = 4; lastKnownFileType = sourcecode.c.objc; path = ViewController1.m; sourceTree = "<group>"; };
		C549BEE71F0A29ED008F3467 /* ViewController2.h */ = {isa = PBXFileReference; fileEncoding = 4; lastKnownFileType = sourcecode.c.h; path = ViewController2.h; sourceTree = "<group>"; };
		C549BEE81F0A29ED008F3467 /* ViewController2.m */ = {isa = PBXFileReference; fileEncoding = 4; lastKnownFileType = sourcecode.c.objc; path = ViewController2.m; sourceTree = "<group>"; };
		C549BEEA1F0A29F9008F3467 /* ViewController3.h */ = {isa = PBXFileReference; fileEncoding = 4; lastKnownFileType = sourcecode.c.h; path = ViewController3.h; sourceTree = "<group>"; };
		C549BEEB1F0A29F9008F3467 /* ViewController3.m */ = {isa = PBXFileReference; fileEncoding = 4; lastKnownFileType = sourcecode.c.objc; path = ViewController3.m; sourceTree = "<group>"; };
/* End PBXFileReference section */

/* Begin PBXFrameworksBuildPhase section */
		C549BEBD1F04A7D5008F3467 /* Frameworks */ = {
			isa = PBXFrameworksBuildPhase;
			buildActionMask = 2147483647;
			files = (
			);
			runOnlyForDeploymentPostprocessing = 0;
		};
/* End PBXFrameworksBuildPhase section */

/* Begin PBXGroup section */
		C549BEB71F04A7D5008F3467 = {
			isa = PBXGroup;
			children = (
				C549BEC21F04A7D5008F3467 /* BRPageViewController */,
				C549BEC11F04A7D5008F3467 /* Products */,
			);
			sourceTree = "<group>";
		};
		C549BEC11F04A7D5008F3467 /* Products */ = {
			isa = PBXGroup;
			children = (
				C549BEC01F04A7D5008F3467 /* BRPageViewController.app */,
			);
			name = Products;
			sourceTree = "<group>";
		};
		C549BEC21F04A7D5008F3467 /* BRPageViewController */ = {
			isa = PBXGroup;
			children = (
				C549BEC61F04A7D5008F3467 /* AppDelegate.h */,
				C549BEC71F04A7D5008F3467 /* AppDelegate.m */,
				C549BEED1F0A2DD4008F3467 /* BRMainViewController */,
				C549BEC91F04A7D5008F3467 /* ViewController.h */,
				C549BECA1F04A7D5008F3467 /* ViewController.m */,
				C549BEE41F0A29DC008F3467 /* ViewController1.h */,
				C549BEE51F0A29DC008F3467 /* ViewController1.m */,
				C549BEE71F0A29ED008F3467 /* ViewController2.h */,
				C549BEE81F0A29ED008F3467 /* ViewController2.m */,
				C549BEEA1F0A29F9008F3467 /* ViewController3.h */,
				C549BEEB1F0A29F9008F3467 /* ViewController3.m */,
				C549BECC1F04A7D5008F3467 /* Main.storyboard */,
				C549BECF1F04A7D5008F3467 /* Assets.xcassets */,
				C549BED11F04A7D5008F3467 /* LaunchScreen.storyboard */,
				C549BED41F04A7D5008F3467 /* Info.plist */,
				C549BEC31F04A7D5008F3467 /* Supporting Files */,
			);
			path = BRPageViewController;
			sourceTree = "<group>";
		};
		C549BEC31F04A7D5008F3467 /* Supporting Files */ = {
			isa = PBXGroup;
			children = (
				C549BEC41F04A7D5008F3467 /* main.m */,
			);
			name = "Supporting Files";
			sourceTree = "<group>";
		};
		C549BEED1F0A2DD4008F3467 /* BRMainViewController */ = {
			isa = PBXGroup;
			children = (
				C549BEDE1F0A2501008F3467 /* BRMainViewController.h */,
				C549BEDF1F0A2501008F3467 /* BRMainViewController.m */,
				C549BEE11F0A261B008F3467 /* BRTitleScrollView.h */,
				C549BEE21F0A261B008F3467 /* BRTitleScrollView.m */,
			);
			name = BRMainViewController;
			sourceTree = "<group>";
		};
/* End PBXGroup section */

/* Begin PBXNativeTarget section */
		C549BEBF1F04A7D5008F3467 /* BRPageViewController */ = {
			isa = PBXNativeTarget;
			buildConfigurationList = C549BED71F04A7D5008F3467 /* Build configuration list for PBXNativeTarget "BRPageViewController" */;
			buildPhases = (
				C549BEBC1F04A7D5008F3467 /* Sources */,
				C549BEBD1F04A7D5008F3467 /* Frameworks */,
				C549BEBE1F04A7D5008F3467 /* Resources */,
			);
			buildRules = (
			);
			dependencies = (
			);
			name = BRPageViewController;
			productName = BRPageViewController;
			productReference = C549BEC01F04A7D5008F3467 /* BRPageViewController.app */;
			productType = "com.apple.product-type.application";
		};
/* End PBXNativeTarget section */

/* Begin PBXProject section */
		C549BEB81F04A7D5008F3467 /* Project object */ = {
			isa = PBXProject;
			attributes = {
				LastUpgradeCheck = 0830;
				ORGANIZATIONNAME = renb;
				TargetAttributes = {
					C549BEBF1F04A7D5008F3467 = {
						CreatedOnToolsVersion = 8.3.2;
						ProvisioningStyle = Automatic;
					};
				};
			};
			buildConfigurationList = C549BEBB1F04A7D5008F3467 /* Build configuration list for PBXProject "BRPageViewController" */;
			compatibilityVersion = "Xcode 3.2";
			developmentRegion = English;
			hasScannedForEncodings = 0;
			knownRegions = (
				en,
				Base,
			);
			mainGroup = C549BEB71F04A7D5008F3467;
			productRefGroup = C549BEC11F04A7D5008F3467 /* Products */;
			projectDirPath = "";
			projectRoot = "";
			targets = (
				C549BEBF1F04A7D5008F3467 /* BRPageViewController */,
			);
		};
/* End PBXProject section */

/* Begin PBXResourcesBuildPhase section */
		C549BEBE1F04A7D5008F3467 /* Resources */ = {
			isa = PBXResourcesBuildPhase;
			buildActionMask = 2147483647;
			files = (
				C549BED31F04A7D5008F3467 /* LaunchScreen.storyboard in Resources */,
				C549BED01F04A7D5008F3467 /* Assets.xcassets in Resources */,
				C549BECE1F04A7D5008F3467 /* Main.storyboard in Resources */,
			);
			runOnlyForDeploymentPostprocessing = 0;
		};
/* End PBXResourcesBuildPhase section */

/* Begin PBXSourcesBuildPhase section */
		C549BEBC1F04A7D5008F3467 /* Sources */ = {
			isa = PBXSourcesBuildPhase;
			buildActionMask = 2147483647;
			files = (
				C549BEE91F0A29ED008F3467 /* ViewController2.m in Sources */,
				C549BEE31F0A261B008F3467 /* BRTitleScrollView.m in Sources */,
				C549BECB1F04A7D5008F3467 /* ViewController.m in Sources */,
				C549BEE61F0A29DC008F3467 /* ViewController1.m in Sources */,
				C549BEE01F0A2501008F3467 /* BRMainViewController.m in Sources */,
				C549BEC81F04A7D5008F3467 /* AppDelegate.m in Sources */,
				C549BEEC1F0A29F9008F3467 /* ViewController3.m in Sources */,
				C549BEC51F04A7D5008F3467 /* main.m in Sources */,
			);
			runOnlyForDeploymentPostprocessing = 0;
		};
/* End PBXSourcesBuildPhase section */

/* Begin PBXVariantGroup section */
		C549BECC1F04A7D5008F3467 /* Main.storyboard */ = {
			isa = PBXVariantGroup;
			children = (
				C549BECD1F04A7D5008F3467 /* Base */,
			);
			name = Main.storyboard;
			sourceTree = "<group>";
		};
		C549BED11F04A7D5008F3467 /* LaunchScreen.storyboard */ = {
			isa = PBXVariantGroup;
			children = (
				C549BED21F04A7D5008F3467 /* Base */,
			);
			name = LaunchScreen.storyboard;
			sourceTree = "<group>";
		};
/* End PBXVariantGroup section */

/* Begin XCBuildConfiguration section */
		C549BED51F04A7D5008F3467 /* Debug */ = {
			isa = XCBuildConfiguration;
			buildSettings = {
				ALWAYS_SEARCH_USER_PATHS = NO;
				CLANG_ANALYZER_NONNULL = YES;
				CLANG_ANALYZER_NUMBER_OBJECT_CONVERSION = YES_AGGRESSIVE;
				CLANG_CXX_LANGUAGE_STANDARD = "gnu++0x";
				CLANG_CXX_LIBRARY = "libc++";
				CLANG_ENABLE_MODULES = YES;
				CLANG_ENABLE_OBJC_ARC = YES;
				CLANG_WARN_BOOL_CONVERSION = YES;
				CLANG_WARN_CONSTANT_CONVERSION = YES;
				CLANG_WARN_DIRECT_OBJC_ISA_USAGE = YES_ERROR;
				CLANG_WARN_DOCUMENTATION_COMMENTS = YES;
				CLANG_WARN_EMPTY_BODY = YES;
				CLANG_WARN_ENUM_CONVERSION = YES;
				CLANG_WARN_INFINITE_RECURSION = YES;
				CLANG_WARN_INT_CONVERSION = YES;
				CLANG_WARN_OBJC_ROOT_CLASS = YES_ERROR;
				CLANG_WARN_SUSPICIOUS_MOVE = YES;
				CLANG_WARN_UNREACHABLE_CODE = YES;
				CLANG_WARN__DUPLICATE_METHOD_MATCH = YES;
				"CODE_SIGN_IDENTITY[sdk=iphoneos*]" = "iPhone Developer";
				COPY_PHASE_STRIP = NO;
				DEBUG_INFORMATION_FORMAT = dwarf;
				ENABLE_STRICT_OBJC_MSGSEND = YES;
				ENABLE_TESTABILITY = YES;
				GCC_C_LANGUAGE_STANDARD = gnu99;
				GCC_DYNAMIC_NO_PIC = NO;
				GCC_NO_COMMON_BLOCKS = YES;
				GCC_OPTIMIZATION_LEVEL = 0;
				GCC_PREPROCESSOR_DEFINITIONS = (
					"DEBUG=1",
					"$(inherited)",
				);
				GCC_WARN_64_TO_32_BIT_CONVERSION = YES;
				GCC_WARN_ABOUT_RETURN_TYPE = YES_ERROR;
				GCC_WARN_UNDECLARED_SELECTOR = YES;
				GCC_WARN_UNINITIALIZED_AUTOS = YES_AGGRESSIVE;
				GCC_WARN_UNUSED_FUNCTION = YES;
				GCC_WARN_UNUSED_VARIABLE = YES;
				IPHONEOS_DEPLOYMENT_TARGET = 10.3;
				MTL_ENABLE_DEBUG_INFO = YES;
				ONLY_ACTIVE_ARCH = YES;
				SDKROOT = iphoneos;
			};
			name = Debug;
		};
		C549BED61F04A7D5008F3467 /* Release */ = {
			isa = XCBuildConfiguration;
			buildSettings = {
				ALWAYS_SEARCH_USER_PATHS = NO;
				CLANG_ANALYZER_NONNULL = YES;
				CLANG_ANALYZER_NUMBER_OBJECT_CONVERSION = YES_AGGRESSIVE;
				CLANG_CXX_LANGUAGE_STANDARD = "gnu++0x";
				CLANG_CXX_LIBRARY = "libc++";
				CLANG_ENABLE_MODULES = YES;
				CLANG_ENABLE_OBJC_ARC = YES;
				CLANG_WARN_BOOL_CONVERSION = YES;
				CLANG_WARN_CONSTANT_CONVERSION = YES;
				CLANG_WARN_DIRECT_OBJC_ISA_USAGE = YES_ERROR;
				CLANG_WARN_DOCUMENTATION_COMMENTS = YES;
				CLANG_WARN_EMPTY_BODY = YES;
				CLANG_WARN_ENUM_CONVERSION = YES;
				CLANG_WARN_INFINITE_RECURSION = YES;
				CLANG_WARN_INT_CONVERSION = YES;
				CLANG_WARN_OBJC_ROOT_CLASS = YES_ERROR;
				CLANG_WARN_SUSPICIOUS_MOVE = YES;
				CLANG_WARN_UNREACHABLE_CODE = YES;
				CLANG_WARN__DUPLICATE_METHOD_MATCH = YES;
				"CODE_SIGN_IDENTITY[sdk=iphoneos*]" = "iPhone Developer";
				COPY_PHASE_STRIP = NO;
				DEBUG_INFORMATION_FORMAT = "dwarf-with-dsym";
				ENABLE_NS_ASSERTIONS = NO;
				ENABLE_STRICT_OBJC_MSGSEND = YES;
				GCC_C_LANGUAGE_STANDARD = gnu99;
				GCC_NO_COMMON_BLOCKS = YES;
				GCC_WARN_64_TO_32_BIT_CONVERSION = YES;
				GCC_WARN_ABOUT_RETURN_TYPE = YES_ERROR;
				GCC_WARN_UNDECLARED_SELECTOR = YES;
				GCC_WARN_UNINITIALIZED_AUTOS = YES_AGGRESSIVE;
				GCC_WARN_UNUSED_FUNCTION = YES;
				GCC_WARN_UNUSED_VARIABLE = YES;
				IPHONEOS_DEPLOYMENT_TARGET = 10.3;
				MTL_ENABLE_DEBUG_INFO = NO;
				SDKROOT = iphoneos;
				VALIDATE_PRODUCT = YES;
			};
			name = Release;
		};
		C549BED81F04A7D5008F3467 /* Debug */ = {
			isa = XCBuildConfiguration;
			buildSettings = {
				ASSETCATALOG_COMPILER_APPICON_NAME = AppIcon;
				DEVELOPMENT_TEAM = "";
				INFOPLIST_FILE = BRPageViewController/Info.plist;
				LD_RUNPATH_SEARCH_PATHS = "$(inherited) @executable_path/Frameworks";
				PRODUCT_BUNDLE_IDENTIFIER = com.renb.BRPageViewController;
				PRODUCT_NAME = "$(TARGET_NAME)";
			};
			name = Debug;
		};
		C549BED91F04A7D5008F3467 /* Release */ = {
			isa = XCBuildConfiguration;
			buildSettings = {
				ASSETCATALOG_COMPILER_APPICON_NAME = AppIcon;
				DEVELOPMENT_TEAM = "";
				INFOPLIST_FILE = BRPageViewController/Info.plist;
				LD_RUNPATH_SEARCH_PATHS = "$(inherited) @executable_path/Frameworks";
				PRODUCT_BUNDLE_IDENTIFIER = com.renb.BRPageViewController;
				PRODUCT_NAME = "$(TARGET_NAME)";
			};
			name = Release;
		};
/* End XCBuildConfiguration section */

/* Begin XCConfigurationList section */
		C549BEBB1F04A7D5008F3467 /* Build configuration list for PBXProject "BRPageViewController" */ = {
			isa = XCConfigurationList;
			buildConfigurations = (
				C549BED51F04A7D5008F3467 /* Debug */,
				C549BED61F04A7D5008F3467 /* Release */,
			);
			defaultConfigurationIsVisible = 0;
			defaultConfigurationName = Release;
		};
		C549BED71F04A7D5008F3467 /* Build configuration list for PBXNativeTarget "BRPageViewController" */ = {
			isa = XCConfigurationList;
			buildConfigurations = (
				C549BED81F04A7D5008F3467 /* Debug */,
				C549BED91F04A7D5008F3467 /* Release */,
			);
			defaultConfigurationIsVisible = 0;
			defaultConfigurationName = Release;
		};
/* End XCConfigurationList section */
	};
	rootObject = C549BEB81F04A7D5008F3467 /* Project object */;
}
